
Microsoft Visual Studio Solution File, Format Version 12.00
# Visual Studio Version 17
VisualStudioVersion = 17.2.32526.322
MinimumVisualStudioVersion = 10.0.40219.1
Project("{9A19103F-16F7-4668-BE54-9A1E7A4F7556}") = "Geta.Optimizely.HotspotsEditor", "src\Geta.Optimizely.HotspotsEditor\Geta.Optimizely.HotspotsEditor.csproj", "{A05C3AB3-FEBB-41B1-83FB-D949EFA870B0}"
EndProject
Project("{2150E333-8FDC-42A3-9474-1A3956D46DE8}") = "Solution Items", "Solution Items", "{27B2959F-CBD9-4D51-9A2B-ABEE77A68820}"
	ProjectSection(SolutionItems) = preProject
		CHANGELOG.md = CHANGELOG.md
		NuGet.config = NuGet.config
		pack.ps1 = pack.ps1
		README.md = README.md
	EndProjectSection
EndProject
Project("{2150E333-8FDC-42A3-9474-1A3956D46DE8}") = "sandbox", "sandbox", "{420CDBBA-5EBD-4A9C-A599-61A4A4AEC928}"
EndProject
Project("{FAE04EC0-301F-11D3-BF4B-00C04F79EFBC}") = "Foundation", "sandbox\Foundation\src\Foundation\Foundation.csproj", "{0624B90F-EDD2-4EC3-9F3F-0D45A4C3F502}"
EndProject
Global
	GlobalSection(SolutionConfigurationPlatforms) = preSolution
		Debug|Any CPU = Debug|Any CPU
		Release|Any CPU = Release|Any CPU
	EndGlobalSection
	GlobalSection(ProjectConfigurationPlatforms) = postSolution
		{A05C3AB3-FEBB-41B1-83FB-D949EFA870B0}.Debug|Any CPU.ActiveCfg = Debug|Any CPU
		{A05C3AB3-FEBB-41B1-83FB-D949EFA870B0}.Debug|Any CPU.Build.0 = Debug|Any CPU
		{A05C3AB3-FEBB-41B1-83FB-D949EFA870B0}.Release|Any CPU.ActiveCfg = Release|Any CPU
		{A05C3AB3-FEBB-41B1-83FB-D949EFA870B0}.Release|Any CPU.Build.0 = Release|Any CPU
		{0624B90F-EDD2-4EC3-9F3F-0D45A4C3F502}.Debug|Any CPU.ActiveCfg = Debug|Any CPU
		{0624B90F-EDD2-4EC3-9F3F-0D45A4C3F502}.Debug|Any CPU.Build.0 = Debug|Any CPU
		{0624B90F-EDD2-4EC3-9F3F-0D45A4C3F502}.Release|Any CPU.ActiveCfg = Release|Any CPU
		{0624B90F-EDD2-4EC3-9F3F-0D45A4C3F502}.Release|Any CPU.Build.0 = Release|Any CPU
	EndGlobalSection
	GlobalSection(SolutionProperties) = preSolution
		HideSolutionNode = FALSE
	EndGlobalSection
	GlobalSection(ExtensibilityGlobals) = postSolution
		SolutionGuid = {9F0CCC06-F0D0-4D28-B1D3-640ECC9EA69F}
	EndGlobalSection
	GlobalSection(NestedProjects) = preSolution
		{0624B90F-EDD2-4EC3-9F3F-0D45A4C3F502} = {420CDBBA-5EBD-4A9C-A599-61A4A4AEC928}
	EndGlobalSection
EndGlobal
